// !$*UTF8*$!
{
	archiveVersion = 1;
	classes = {
	};
	objectVersion = 77;
	objects = {

/* Begin PBXBuildFile section */
		B28CE7222DE650D2006803EC /* gitignore.txt in Resources */ = {isa = PBXBuildFile; fileRef = B28CE7212DE650D2006803EC /* gitignore.txt */; };
		B28CE7482DE71519006803EC /* TODO in Resources */ = {isa = PBXBuildFile; fileRef = B28CE7472DE71519006803EC /* TODO */; };
		B28CE7492DE71519006803EC /* TODO in Resources */ = {isa = PBXBuildFile; fileRef = B28CE7472DE71519006803EC /* TODO */; };
/* End PBXBuildFile section */

/* Begin PBXContainerItemProxy section */
		B28CE70A2DE646FE006803EC /* PBXContainerItemProxy */ = {
			isa = PBXContainerItemProxy;
			containerPortal = B28CE6F02DE646FB006803EC /* Project object */;
			proxyType = 1;
			remoteGlobalIDString = B28CE7072DE646FE006803EC;
			remoteInfo = "LateNitesEarlyMornin Watch App";
		};
/* End PBXContainerItemProxy section */

/* Begin PBXCopyFilesBuildPhase section */
		B28CE71B2DE646FF006803EC /* Embed Watch Content */ = {
			isa = PBXCopyFilesBuildPhase;
			buildActionMask = 2147483647;
			dstPath = "$(CONTENTS_FOLDER_PATH)/Watch";
			dstSubfolderSpec = 16;
			files = (
			);
			name = "Embed Watch Content";
			runOnlyForDeploymentPostprocessing = 0;
		};
/* End PBXCopyFilesBuildPhase section */

/* Begin PBXFileReference section */
		B21930032DEDCB6D0096299A /* LateNitesEarlyMornin.app */ = {isa = PBXFileReference; explicitFileType = wrapper.application; includeInIndex = 0; path = LateNitesEarlyMornin.app; sourceTree = BUILT_PRODUCTS_DIR; };
		B28CE7212DE650D2006803EC /* gitignore.txt */ = {isa = PBXFileReference; lastKnownFileType = text; path = gitignore.txt; sourceTree = "<group>"; };
		B28CE7332DE6C07F006803EC /* LateNitesEarlyMornin Watch App.app */ = {isa = PBXFileReference; explicitFileType = wrapper.application; includeInIndex = 0; path = "LateNitesEarlyMornin Watch App.app"; sourceTree = BUILT_PRODUCTS_DIR; };
		B28CE7472DE71519006803EC /* TODO */ = {isa = PBXFileReference; lastKnownFileType = text; path = TODO; sourceTree = "<group>"; };
/* End PBXFileReference section */

/* Begin PBXFileSystemSynchronizedRootGroup section */
		B28CE6FA2DE646FB006803EC /* LateNitesEarlyMornin */ = {
			isa = PBXFileSystemSynchronizedRootGroup;
			path = LateNitesEarlyMornin;
			sourceTree = "<group>";
		};
		B28CE70C2DE646FE006803EC /* LateNitesEarlyMornin Watch App */ = {
			isa = PBXFileSystemSynchronizedRootGroup;
			path = "LateNitesEarlyMornin Watch App";
			sourceTree = "<group>";
		};
/* End PBXFileSystemSynchronizedRootGroup section */

/* Begin PBXFrameworksBuildPhase section */
		B28CE6F52DE646FB006803EC /* Frameworks */ = {
			isa = PBXFrameworksBuildPhase;
			buildActionMask = 2147483647;
			files = (
			);
			runOnlyForDeploymentPostprocessing = 0;
		};
		B28CE7052DE646FE006803EC /* Frameworks */ = {
			isa = PBXFrameworksBuildPhase;
			buildActionMask = 2147483647;
			files = (
			);
			runOnlyForDeploymentPostprocessing = 0;
		};
/* End PBXFrameworksBuildPhase section */

/* Begin PBXGroup section */
		B28CE6EF2DE646FB006803EC = {
			isa = PBXGroup;
			children = (
				B28CE7472DE71519006803EC /* TODO */,
				B28CE7212DE650D2006803EC /* gitignore.txt */,
				B28CE6FA2DE646FB006803EC /* LateNitesEarlyMornin */,
				B28CE70C2DE646FE006803EC /* LateNitesEarlyMornin Watch App */,
				B28CE7332DE6C07F006803EC /* LateNitesEarlyMornin Watch App.app */,
				B21930032DEDCB6D0096299A /* LateNitesEarlyMornin.app */,
			);
			sourceTree = "<group>";
		};
/* End PBXGroup section */

/* Begin PBXNativeTarget section */
		B28CE6F72DE646FB006803EC /* LateNitesEarlyMornin */ = {
			isa = PBXNativeTarget;
			buildConfigurationList = B28CE71C2DE646FF006803EC /* Build configuration list for PBXNativeTarget "LateNitesEarlyMornin" */;
			buildPhases = (
				B28CE6F42DE646FB006803EC /* Sources */,
				B28CE6F52DE646FB006803EC /* Frameworks */,
				B28CE6F62DE646FB006803EC /* Resources */,
				B28CE71B2DE646FF006803EC /* Embed Watch Content */,
			);
			buildRules = (
			);
			dependencies = (
				B28CE70B2DE646FE006803EC /* PBXTargetDependency */,
			);
			fileSystemSynchronizedGroups = (
				B28CE6FA2DE646FB006803EC /* LateNitesEarlyMornin */,
			);
			name = LateNitesEarlyMornin;
			packageProductDependencies = (
			);
			productName = LateNitesEarlyMornin;
			productReference = B21930032DEDCB6D0096299A /* LateNitesEarlyMornin.app */;
			productType = "com.apple.product-type.application";
		};
		B28CE7072DE646FE006803EC /* LateNitesEarlyMornin Watch App */ = {
			isa = PBXNativeTarget;
			buildConfigurationList = B28CE7182DE646FF006803EC /* Build configuration list for PBXNativeTarget "LateNitesEarlyMornin Watch App" */;
			buildPhases = (
				B28CE7042DE646FE006803EC /* Sources */,
				B28CE7052DE646FE006803EC /* Frameworks */,
				B28CE7062DE646FE006803EC /* Resources */,
			);
			buildRules = (
			);
			dependencies = (
			);
			fileSystemSynchronizedGroups = (
				B28CE70C2DE646FE006803EC /* LateNitesEarlyMornin Watch App */,
			);
			name = "LateNitesEarlyMornin Watch App";
			packageProductDependencies = (
			);
			productName = "LateNitesEarlyMornin Watch App";
			productReference = B28CE7332DE6C07F006803EC /* LateNitesEarlyMornin Watch App.app */;
			productType = "com.apple.product-type.application";
		};
/* End PBXNativeTarget section */

/* Begin PBXProject section */
		B28CE6F02DE646FB006803EC /* Project object */ = {
			isa = PBXProject;
			attributes = {
				BuildIndependentTargetsInParallel = 1;
				LastSwiftUpdateCheck = 1620;
				LastUpgradeCheck = 1620;
				TargetAttributes = {
					B28CE6F72DE646FB006803EC = {
						CreatedOnToolsVersion = 16.2;
					};
					B28CE7072DE646FE006803EC = {
						CreatedOnToolsVersion = 16.2;
					};
				};
			};
			buildConfigurationList = B28CE6F32DE646FB006803EC /* Build configuration list for PBXProject "LateNitesEarlyMornin" */;
			developmentRegion = en;
			hasScannedForEncodings = 0;
			knownRegions = (
				en,
				Base,
			);
			mainGroup = B28CE6EF2DE646FB006803EC;
			minimizedProjectReferenceProxies = 1;
			preferredProjectObjectVersion = 77;
			productRefGroup = B28CE6EF2DE646FB006803EC;
			projectDirPath = "";
			projectRoot = "";
			targets = (
				B28CE6F72DE646FB006803EC /* LateNitesEarlyMornin */,
				B28CE7072DE646FE006803EC /* LateNitesEarlyMornin Watch App */,
			);
		};
/* End PBXProject section */

/* Begin PBXResourcesBuildPhase section */
		B28CE6F62DE646FB006803EC /* Resources */ = {
			isa = PBXResourcesBuildPhase;
			buildActionMask = 2147483647;
			files = (
				B28CE7482DE71519006803EC /* TODO in Resources */,
				B28CE7222DE650D2006803EC /* gitignore.txt in Resources */,
			);
			runOnlyForDeploymentPostprocessing = 0;
		};
		B28CE7062DE646FE006803EC /* Resources */ = {
			isa = PBXResourcesBuildPhase;
			buildActionMask = 2147483647;
			files = (
				B28CE7492DE71519006803EC /* TODO in Resources */,
			);
			runOnlyForDeploymentPostprocessing = 0;
		};
/* End PBXResourcesBuildPhase section */

/* Begin PBXSourcesBuildPhase section */
		B28CE6F42DE646FB006803EC /* Sources */ = {
			isa = PBXSourcesBuildPhase;
			buildActionMask = 2147483647;
			files = (
			);
			runOnlyForDeploymentPostprocessing = 0;
		};
		B28CE7042DE646FE006803EC /* Sources */ = {
			isa = PBXSourcesBuildPhase;
			buildActionMask = 2147483647;
			files = (
			);
			runOnlyForDeploymentPostprocessing = 0;
		};
/* End PBXSourcesBuildPhase section */

/* Begin PBXTargetDependency section */
		B28CE70B2DE646FE006803EC /* PBXTargetDependency */ = {
			isa = PBXTargetDependency;
			target = B28CE7072DE646FE006803EC /* LateNitesEarlyMornin Watch App */;
			targetProxy = B28CE70A2DE646FE006803EC /* PBXContainerItemProxy */;
		};
/* End PBXTargetDependency section */

/* Begin XCBuildConfiguration section */
		B28CE7162DE646FF006803EC /* Debug */ = {
			isa = XCBuildConfiguration;
			buildSettings = {
				ALWAYS_SEARCH_USER_PATHS = NO;
				ASSETCATALOG_COMPILER_GENERATE_SWIFT_ASSET_SYMBOL_EXTENSIONS = YES;
				CLANG_ANALYZER_NONNULL = YES;
				CLANG_ANALYZER_NUMBER_OBJECT_CONVERSION = YES_AGGRESSIVE;
				CLANG_CXX_LANGUAGE_STANDARD = "gnu++20";
				CLANG_ENABLE_MODULES = YES;
				CLANG_ENABLE_OBJC_ARC = YES;
				CLANG_ENABLE_OBJC_WEAK = YES;
				CLANG_WARN_BLOCK_CAPTURE_AUTORELEASING = YES;
				CLANG_WARN_BOOL_CONVERSION = YES;
				CLANG_WARN_COMMA = YES;
				CLANG_WARN_CONSTANT_CONVERSION = YES;
				CLANG_WARN_DEPRECATED_OBJC_IMPLEMENTATIONS = YES;
				CLANG_WARN_DIRECT_OBJC_ISA_USAGE = YES_ERROR;
				CLANG_WARN_DOCUMENTATION_COMMENTS = YES;
				CLANG_WARN_EMPTY_BODY = YES;
				CLANG_WARN_ENUM_CONVERSION = YES;
				CLANG_WARN_INFINITE_RECURSION = YES;
				CLANG_WARN_INT_CONVERSION = YES;
				CLANG_WARN_NON_LITERAL_NULL_CONVERSION = YES;
				CLANG_WARN_OBJC_IMPLICIT_RETAIN_SELF = YES;
				CLANG_WARN_OBJC_LITERAL_CONVERSION = YES;
				CLANG_WARN_OBJC_ROOT_CLASS = YES_ERROR;
				CLANG_WARN_QUOTED_INCLUDE_IN_FRAMEWORK_HEADER = YES;
				CLANG_WARN_RANGE_LOOP_ANALYSIS = YES;
				CLANG_WARN_STRICT_PROTOTYPES = YES;
				CLANG_WARN_SUSPICIOUS_MOVE = YES;
				CLANG_WARN_UNGUARDED_AVAILABILITY = YES_AGGRESSIVE;
				CLANG_WARN_UNREACHABLE_CODE = YES;
				CLANG_WARN__DUPLICATE_METHOD_MATCH = YES;
				COPY_PHASE_STRIP = NO;
				DEBUG_INFORMATION_FORMAT = dwarf;
				ENABLE_STRICT_OBJC_MSGSEND = YES;
				ENABLE_TESTABILITY = YES;
				ENABLE_USER_SCRIPT_SANDBOXING = YES;
				GCC_C_LANGUAGE_STANDARD = gnu17;
				GCC_DYNAMIC_NO_PIC = NO;
				GCC_NO_COMMON_BLOCKS = YES;
				GCC_OPTIMIZATION_LEVEL = 0;
				GCC_PREPROCESSOR_DEFINITIONS = (
					"DEBUG=1",
					"$(inherited)",
				);
				GCC_WARN_64_TO_32_BIT_CONVERSION = YES;
				GCC_WARN_ABOUT_RETURN_TYPE = YES_ERROR;
				GCC_WARN_UNDECLARED_SELECTOR = YES;
				GCC_WARN_UNINITIALIZED_AUTOS = YES_AGGRESSIVE;
				GCC_WARN_UNUSED_FUNCTION = YES;
				GCC_WARN_UNUSED_VARIABLE = YES;
				LOCALIZATION_PREFERS_STRING_CATALOGS = YES;
				MTL_ENABLE_DEBUG_INFO = INCLUDE_SOURCE;
				MTL_FAST_MATH = YES;
				ONLY_ACTIVE_ARCH = YES;
				SWIFT_ACTIVE_COMPILATION_CONDITIONS = "DEBUG $(inherited)";
				SWIFT_OPTIMIZATION_LEVEL = "-Onone";
			};
			name = Debug;
		};
		B28CE7172DE646FF006803EC /* Release */ = {
			isa = XCBuildConfiguration;
			buildSettings = {
				ALWAYS_SEARCH_USER_PATHS = NO;
				ASSETCATALOG_COMPILER_GENERATE_SWIFT_ASSET_SYMBOL_EXTENSIONS = YES;
				CLANG_ANALYZER_NONNULL = YES;
				CLANG_ANALYZER_NUMBER_OBJECT_CONVERSION = YES_AGGRESSIVE;
				CLANG_CXX_LANGUAGE_STANDARD = "gnu++20";
				CLANG_ENABLE_MODULES = YES;
				CLANG_ENABLE_OBJC_ARC = YES;
				CLANG_ENABLE_OBJC_WEAK = YES;
				CLANG_WARN_BLOCK_CAPTURE_AUTORELEASING = YES;
				CLANG_WARN_BOOL_CONVERSION = YES;
				CLANG_WARN_COMMA = YES;
				CLANG_WARN_CONSTANT_CONVERSION = YES;
				CLANG_WARN_DEPRECATED_OBJC_IMPLEMENTATIONS = YES;
				CLANG_WARN_DIRECT_OBJC_ISA_USAGE = YES_ERROR;
				CLANG_WARN_DOCUMENTATION_COMMENTS = YES;
				CLANG_WARN_EMPTY_BODY = YES;
				CLANG_WARN_ENUM_CONVERSION = YES;
				CLANG_WARN_INFINITE_RECURSION = YES;
				CLANG_WARN_INT_CONVERSION = YES;
				CLANG_WARN_NON_LITERAL_NULL_CONVERSION = YES;
				CLANG_WARN_OBJC_IMPLICIT_RETAIN_SELF = YES;
				CLANG_WARN_OBJC_LITERAL_CONVERSION = YES;
				CLANG_WARN_OBJC_ROOT_CLASS = YES_ERROR;
				CLANG_WARN_QUOTED_INCLUDE_IN_FRAMEWORK_HEADER = YES;
				CLANG_WARN_RANGE_LOOP_ANALYSIS = YES;
				CLANG_WARN_STRICT_PROTOTYPES = YES;
				CLANG_WARN_SUSPICIOUS_MOVE = YES;
				CLANG_WARN_UNGUARDED_AVAILABILITY = YES_AGGRESSIVE;
				CLANG_WARN_UNREACHABLE_CODE = YES;
				CLANG_WARN__DUPLICATE_METHOD_MATCH = YES;
				COPY_PHASE_STRIP = NO;
				DEBUG_INFORMATION_FORMAT = "dwarf-with-dsym";
				ENABLE_NS_ASSERTIONS = NO;
				ENABLE_STRICT_OBJC_MSGSEND = YES;
				ENABLE_USER_SCRIPT_SANDBOXING = YES;
				GCC_C_LANGUAGE_STANDARD = gnu17;
				GCC_NO_COMMON_BLOCKS = YES;
				GCC_WARN_64_TO_32_BIT_CONVERSION = YES;
				GCC_WARN_ABOUT_RETURN_TYPE = YES_ERROR;
				GCC_WARN_UNDECLARED_SELECTOR = YES;
				GCC_WARN_UNINITIALIZED_AUTOS = YES_AGGRESSIVE;
				GCC_WARN_UNUSED_FUNCTION = YES;
				GCC_WARN_UNUSED_VARIABLE = YES;
				LOCALIZATION_PREFERS_STRING_CATALOGS = YES;
				MTL_ENABLE_DEBUG_INFO = NO;
				MTL_FAST_MATH = YES;
				SWIFT_COMPILATION_MODE = wholemodule;
			};
			name = Release;
		};
		B28CE7192DE646FF006803EC /* Debug */ = {
			isa = XCBuildConfiguration;
			buildSettings = {
				ASSETCATALOG_COMPILER_APPICON_NAME = AppIcon;
				ASSETCATALOG_COMPILER_GLOBAL_ACCENT_COLOR_NAME = AccentColor;
				CODE_SIGN_ENTITLEMENTS = "LateNitesEarlyMornin Watch App/LateNitesEarlyMornin Watch App.entitlements";
				CODE_SIGN_STYLE = Automatic;
				CURRENT_PROJECT_VERSION = 1;
				DEVELOPMENT_ASSET_PATHS = "\"LateNitesEarlyMornin Watch App/Preview Content\"";
				DEVELOPMENT_TEAM = B5N4Y94PAG;
				ENABLE_PREVIEWS = YES;
				GENERATE_INFOPLIST_FILE = YES;
				INFOPLIST_FILE = "LateNitesEarlyMornin-Watch-App-Info.plist";
				INFOPLIST_KEY_CFBundleDisplayName = LateNitesEarlyMornin;
				INFOPLIST_KEY_NSHealthShareUsageDescription = "Please allow Moodish to read your sleep, heart rate, activity, and steps data to infer your mood.";
				INFOPLIST_KEY_NSHealthUpdateUsageDescription = "Please allow Moodish to write mood-related insights to your Health app, such as mood trends and related goals.\nPlease allow Moodish to write mood-related inights to your Health App.";
				INFOPLIST_KEY_UISupportedInterfaceOrientations = "UIInterfaceOrientationPortrait UIInterfaceOrientationPortraitUpsideDown";
				INFOPLIST_KEY_WKCompanionAppBundleIdentifier = Dayan.LateNitesEarlyMornin;
				INFOPLIST_KEY_WKRunsIndependentlyOfCompanionApp = YES;
				LD_RUNPATH_SEARCH_PATHS = (
					"$(inherited)",
					"@executable_path/Frameworks",
				);
				MARKETING_VERSION = 1.0;
				PRODUCT_BUNDLE_IDENTIFIER = Dayan.LateNitesEarlyMornin.watchkitapp;
				PRODUCT_NAME = "$(TARGET_NAME)";
				SDKROOT = watchos;
				SKIP_INSTALL = YES;
				SWIFT_EMIT_LOC_STRINGS = YES;
				SWIFT_VERSION = 5.0;
				TARGETED_DEVICE_FAMILY = 4;
				WATCHOS_DEPLOYMENT_TARGET = 11.0;
			};
			name = Debug;
		};
		B28CE71A2DE646FF006803EC /* Release */ = {
			isa = XCBuildConfiguration;
			buildSettings = {
				ASSETCATALOG_COMPILER_APPICON_NAME = AppIcon;
				ASSETCATALOG_COMPILER_GLOBAL_ACCENT_COLOR_NAME = AccentColor;
				CODE_SIGN_ENTITLEMENTS = "LateNitesEarlyMornin Watch App/LateNitesEarlyMornin Watch App.entitlements";
				CODE_SIGN_STYLE = Automatic;
				CURRENT_PROJECT_VERSION = 1;
				DEVELOPMENT_ASSET_PATHS = "\"LateNitesEarlyMornin Watch App/Preview Content\"";
				DEVELOPMENT_TEAM = B5N4Y94PAG;
				ENABLE_PREVIEWS = YES;
				GENERATE_INFOPLIST_FILE = YES;
				INFOPLIST_FILE = "LateNitesEarlyMornin-Watch-App-Info.plist";
				INFOPLIST_KEY_CFBundleDisplayName = LateNitesEarlyMornin;
				INFOPLIST_KEY_NSHealthShareUsageDescription = "Please allow Moodish to read your sleep, heart rate, activity, and steps data to infer your mood.";
				INFOPLIST_KEY_NSHealthUpdateUsageDescription = "Please allow Moodish to write mood-related insights to your Health app, such as mood trends and related goals.\nPlease allow Moodish to write mood-related inights to your Health App.";
				INFOPLIST_KEY_UISupportedInterfaceOrientations = "UIInterfaceOrientationPortrait UIInterfaceOrientationPortraitUpsideDown";
				INFOPLIST_KEY_WKCompanionAppBundleIdentifier = Dayan.LateNitesEarlyMornin;
				INFOPLIST_KEY_WKRunsIndependentlyOfCompanionApp = YES;
				LD_RUNPATH_SEARCH_PATHS = (
					"$(inherited)",
					"@executable_path/Frameworks",
				);
				MARKETING_VERSION = 1.0;
				PRODUCT_BUNDLE_IDENTIFIER = Dayan.LateNitesEarlyMornin.watchkitapp;
				PRODUCT_NAME = "$(TARGET_NAME)";
				SDKROOT = watchos;
				SKIP_INSTALL = YES;
				SWIFT_EMIT_LOC_STRINGS = YES;
				SWIFT_VERSION = 5.0;
				TARGETED_DEVICE_FAMILY = 4;
				VALIDATE_PRODUCT = YES;
				WATCHOS_DEPLOYMENT_TARGET = 11.0;
			};
			name = Release;
		};
		B28CE71D2DE646FF006803EC /* Debug */ = {
			isa = XCBuildConfiguration;
			buildSettings = {
				ASSETCATALOG_COMPILER_APPICON_NAME = AppIcon;
				ASSETCATALOG_COMPILER_GLOBAL_ACCENT_COLOR_NAME = AccentColor;
				CODE_SIGN_ENTITLEMENTS = LateNitesEarlyMornin/LateNitesEarlyMornin.entitlements;
				CODE_SIGN_STYLE = Automatic;
				CURRENT_PROJECT_VERSION = 1;
				DEVELOPMENT_ASSET_PATHS = "\"LateNitesEarlyMornin/Preview Content\"";
				DEVELOPMENT_TEAM = B5N4Y94PAG;
				ENABLE_PREVIEWS = YES;
				GENERATE_INFOPLIST_FILE = YES;
				INFOPLIST_KEY_CFBundleDisplayName = LateNitesEarlyMornin;
				INFOPLIST_KEY_NSHealthShareUsageDescription = "Please allow Moodish to read your sleep, heart rate, activity, and steps data to infer your mood.";
				INFOPLIST_KEY_NSHealthUpdateUsageDescription = "Please allow Moodish to write mood-related insights to your Health app, such as mood trends and related goals.\nPlease allow Moodish to write mood-related inights to your Health App.";
				INFOPLIST_KEY_UIApplicationSceneManifest_Generation = YES;
				INFOPLIST_KEY_UIApplicationSupportsIndirectInputEvents = YES;
				INFOPLIST_KEY_UILaunchScreen_Generation = YES;
				INFOPLIST_KEY_UISupportedInterfaceOrientations = UIInterfaceOrientationPortrait;
				IPHONEOS_DEPLOYMENT_TARGET = 17.6;
				LD_RUNPATH_SEARCH_PATHS = (
					"$(inherited)",
					"@executable_path/Frameworks",
				);
				MARKETING_VERSION = 1.0;
				PRODUCT_BUNDLE_IDENTIFIER = Dayan.LateNitesEarlyMornin;
				PRODUCT_NAME = "$(TARGET_NAME)";
				SDKROOT = iphoneos;
				SUPPORTED_PLATFORMS = "iphoneos iphonesimulator";
				SUPPORTS_MACCATALYST = NO;
				SUPPORTS_MAC_DESIGNED_FOR_IPHONE_IPAD = NO;
				SUPPORTS_XR_DESIGNED_FOR_IPHONE_IPAD = NO;
				SWIFT_EMIT_LOC_STRINGS = YES;
				SWIFT_VERSION = 5.0;
				TARGETED_DEVICE_FAMILY = 1;
			};
			name = Debug;
		};
		B28CE71E2DE646FF006803EC /* Release */ = {
			isa = XCBuildConfiguration;
			buildSettings = {
				ASSETCATALOG_COMPILER_APPICON_NAME = AppIcon;
				ASSETCATALOG_COMPILER_GLOBAL_ACCENT_COLOR_NAME = AccentColor;
				CODE_SIGN_ENTITLEMENTS = LateNitesEarlyMornin/LateNitesEarlyMornin.entitlements;
				CODE_SIGN_STYLE = Automatic;
				CURRENT_PROJECT_VERSION = 1;
				DEVELOPMENT_ASSET_PATHS = "\"LateNitesEarlyMornin/Preview Content\"";
				DEVELOPMENT_TEAM = B5N4Y94PAG;
				ENABLE_PREVIEWS = YES;
				GENERATE_INFOPLIST_FILE = YES;
				INFOPLIST_KEY_CFBundleDisplayName = LateNitesEarlyMornin;
				INFOPLIST_KEY_NSHealthShareUsageDescription = "Please allow Moodish to read your sleep, heart rate, activity, and steps data to infer your mood.";
				INFOPLIST_KEY_NSHealthUpdateUsageDescription = "Please allow Moodish to write mood-related insights to your Health app, such as mood trends and related goals.\nPlease allow Moodish to write mood-related inights to your Health App.";
				INFOPLIST_KEY_UIApplicationSceneManifest_Generation = YES;
				INFOPLIST_KEY_UIApplicationSupportsIndirectInputEvents = YES;
				INFOPLIST_KEY_UILaunchScreen_Generation = YES;
				INFOPLIST_KEY_UISupportedInterfaceOrientations = UIInterfaceOrientationPortrait;
				IPHONEOS_DEPLOYMENT_TARGET = 17.6;
				LD_RUNPATH_SEARCH_PATHS = (
					"$(inherited)",
					"@executable_path/Frameworks",
				);
				MARKETING_VERSION = 1.0;
				PRODUCT_BUNDLE_IDENTIFIER = Dayan.LateNitesEarlyMornin;
				PRODUCT_NAME = "$(TARGET_NAME)";
				SDKROOT = iphoneos;
				SUPPORTED_PLATFORMS = "iphoneos iphonesimulator";
				SUPPORTS_MACCATALYST = NO;
				SUPPORTS_MAC_DESIGNED_FOR_IPHONE_IPAD = NO;
				SUPPORTS_XR_DESIGNED_FOR_IPHONE_IPAD = NO;
				SWIFT_EMIT_LOC_STRINGS = YES;
				SWIFT_VERSION = 5.0;
				TARGETED_DEVICE_FAMILY = 1;
				VALIDATE_PRODUCT = YES;
			};
			name = Release;
		};
/* End XCBuildConfiguration section */

/* Begin XCConfigurationList section */
		B28CE6F32DE646FB006803EC /* Build configuration list for PBXProject "LateNitesEarlyMornin" */ = {
			isa = XCConfigurationList;
			buildConfigurations = (
				B28CE7162DE646FF006803EC /* Debug */,
				B28CE7172DE646FF006803EC /* Release */,
			);
			defaultConfigurationIsVisible = 0;
			defaultConfigurationName = Release;
		};
		B28CE7182DE646FF006803EC /* Build configuration list for PBXNativeTarget "LateNitesEarlyMornin Watch App" */ = {
			isa = XCConfigurationList;
			buildConfigurations = (
				B28CE7192DE646FF006803EC /* Debug */,
				B28CE71A2DE646FF006803EC /* Release */,
			);
			defaultConfigurationIsVisible = 0;
			defaultConfigurationName = Release;
		};
		B28CE71C2DE646FF006803EC /* Build configuration list for PBXNativeTarget "LateNitesEarlyMornin" */ = {
			isa = XCConfigurationList;
			buildConfigurations = (
				B28CE71D2DE646FF006803EC /* Debug */,
				B28CE71E2DE646FF006803EC /* Release */,
			);
			defaultConfigurationIsVisible = 0;
			defaultConfigurationName = Release;
		};
/* End XCConfigurationList section */
	};
	rootObject = B28CE6F02DE646FB006803EC /* Project object */;
}
